
Microsoft Visual Studio Solution File, Format Version 12.00
# Visual Studio Version 17
VisualStudioVersion = 17.13.35931.197
MinimumVisualStudioVersion = 10.0.40219.1
Project("{2150E333-8FDC-42A3-9474-1A3956D46DE8}") = "Src", "Src", "{02EA681E-C7D8-13C7-8484-4AC65E1B71E8}"
EndProject
Project("{FAE04EC0-301F-11D3-BF4B-00C04F79EFBC}") = "WebApiEcomm.Core", "WebApiEcomm.Core\WebApiEcomm.Core.csproj", "{24F75CD7-DFDB-48FB-B97E-9B8BE2F1B013}"
EndProject
Project("{FAE04EC0-301F-11D3-BF4B-00C04F79EFBC}") = "WebApiEcomm.InfraStructure", "WebApiEcomm.InfraStructure\WebApiEcomm.InfraStructure.csproj", "{AC151C26-4070-4F14-965E-B207A74A40CA}"
EndProject
Project("{FAE04EC0-301F-11D3-BF4B-00C04F79EFBC}") = "WebApiEcomm.API", "WebApiEcomm.API\WebApiEcomm.API.csproj", "{3EDFC636-5435-487E-817E-D669B6B775A0}"
EndProject
Global
	GlobalSection(SolutionConfigurationPlatforms) = preSolution
		Debug|Any CPU = Debug|Any CPU
		Release|Any CPU = Release|Any CPU
	EndGlobalSection
	GlobalSection(ProjectConfigurationPlatforms) = postSolution
		{24F75CD7-DFDB-48FB-B97E-9B8BE2F1B013}.Debug|Any CPU.ActiveCfg = Debug|Any CPU
		{24F75CD7-DFDB-48FB-B97E-9B8BE2F1B013}.Debug|Any CPU.Build.0 = Debug|Any CPU
		{24F75CD7-DFDB-48FB-B97E-9B8BE2F1B013}.Release|Any CPU.ActiveCfg = Release|Any CPU
		{24F75CD7-DFDB-48FB-B97E-9B8BE2F1B013}.Release|Any CPU.Build.0 = Release|Any CPU
		{AC151C26-4070-4F14-965E-B207A74A40CA}.Debug|Any CPU.ActiveCfg = Debug|Any CPU
		{AC151C26-4070-4F14-965E-B207A74A40CA}.Debug|Any CPU.Build.0 = Debug|Any CPU
		{AC151C26-4070-4F14-965E-B207A74A40CA}.Release|Any CPU.ActiveCfg = Release|Any CPU
		{AC151C26-4070-4F14-965E-B207A74A40CA}.Release|Any CPU.Build.0 = Release|Any CPU
		{3EDFC636-5435-487E-817E-D669B6B775A0}.Debug|Any CPU.ActiveCfg = Debug|Any CPU
		{3EDFC636-5435-487E-817E-D669B6B775A0}.Debug|Any CPU.Build.0 = Debug|Any CPU
		{3EDFC636-5435-487E-817E-D669B6B775A0}.Release|Any CPU.ActiveCfg = Release|Any CPU
		{3EDFC636-5435-487E-817E-D669B6B775A0}.Release|Any CPU.Build.0 = Release|Any CPU
	EndGlobalSection
	GlobalSection(SolutionProperties) = preSolution
		HideSolutionNode = FALSE
	EndGlobalSection
	GlobalSection(NestedProjects) = preSolution
		{24F75CD7-DFDB-48FB-B97E-9B8BE2F1B013} = {02EA681E-C7D8-13C7-8484-4AC65E1B71E8}
		{AC151C26-4070-4F14-965E-B207A74A40CA} = {02EA681E-C7D8-13C7-8484-4AC65E1B71E8}
		{3EDFC636-5435-487E-817E-D669B6B775A0} = {02EA681E-C7D8-13C7-8484-4AC65E1B71E8}
	EndGlobalSection
	GlobalSection(ExtensibilityGlobals) = postSolution
		SolutionGuid = {5C994A27-546F-4DA6-911B-5CF0A745D067}
	EndGlobalSection
EndGlobal
